<?xml version="1.0" encoding="UTF-8" standalone="yes" ?>
<CodeBlocks_project_file>
	<FileVersion major="1" minor="6" />
	<Project>
		<Option title="guayadeque" />
		<Option pch_mode="2" />
		<Option compiler="gcc" />
		<Build>
			<Target title="Debug">
				<Option output="bin/Debug/guayadeque" prefix_auto="1" extension_auto="1" />
				<Option object_output="obj/Debug/" />
				<Option type="0" />
				<Option compiler="gcc" />
				<Option projectLinkerOptionsRelation="2" />
				<Compiler>
					<Add option="-O2" />
					<Add option="-Wall" />
					<Add option="-g" />
					<Add option="-I." />
					<Add option="-I./src" />
					<Add option="-I./src/curl" />
					<Add option="-I./src/dbus" />
					<Add option="-I./src/wxsqlite3" />
					<Add option="-I./src/wx" />
					<Add option="-I./src/hmac" />
				</Compiler>
				<Linker>
					<Add option="`wx-config --libs`" />
					<Add option="`pkg-config gstreamer-0.10 --libs`" />
				</Linker>
			</Target>
			<Target title="Release">
				<Option output="bin/Release/guayadeque" prefix_auto="1" extension_auto="1" />
				<Option object_output="obj/Release/" />
				<Option type="0" />
				<Option compiler="gcc" />
				<Option projectLinkerOptionsRelation="2" />
				<Compiler>
					<Add option="-O2" />
					<Add option="`taglib-config --cflags`" />
					<Add option="-I./" />
				</Compiler>
				<Linker>
					<Add option="-s" />
				</Linker>
			</Target>
		</Build>
		<Compiler>
			<Add option="-w" />
			<Add option="-Wfatal-errors" />
			<Add option="-W" />
			<Add option="-Wall" />
			<Add option="`pkg-config gtk+-2.0 --cflags`" />
			<Add option="`wx-config --cflags`" />
			<Add option="`curl-config --cflags`" />
			<Add option="`pkg-config gstreamer-0.10 --cflags`" />
			<Add directory="/usr/include/dbus-1.0" />
			<Add directory="/usr/lib/dbus-1.0/include" />
			<Add directory="/usr/include/taglib" />
		</Compiler>
		<Linker>
			<Add option="`wx-config --libs`" />
			<Add option="`pkg-config gstreamer-0.10 --libs`" />
			<Add option="`pkg-config dbus-1 --libs`" />
			<Add option="`pkg-config flac --libs`" />
			<Add library="sqlite3" />
			<Add library="libcurl" />
			<Add library="/usr/lib/libtag.so" />
		</Linker>
		<Unit filename="src/AAListBox.cpp" />
		<Unit filename="src/AAListBox.h" />
		<Unit filename="src/AccelListBox.cpp" />
		<Unit filename="src/AccelListBox.h" />
		<Unit filename="src/Accelerators.cpp" />
		<Unit filename="src/Accelerators.h" />
		<Unit filename="src/AlListBox.cpp" />
		<Unit filename="src/AlListBox.h" />
		<Unit filename="src/AlbumBrowser.cpp" />
		<Unit filename="src/AlbumBrowser.h" />
		<Unit filename="src/Amazon.cpp" />
		<Unit filename="src/Amazon.h" />
		<Unit filename="src/ApeTag.cpp" />
		<Unit filename="src/ApeTag.h" />
		<Unit filename="src/ArListBox.cpp" />
		<Unit filename="src/ArListBox.h" />
		<Unit filename="src/ArrayStringArray.cpp" />
		<Unit filename="src/ArrayStringArray.h" />
		<Unit filename="src/AudioScrobble.cpp" />
		<Unit filename="src/AudioScrobble.h" />
		<Unit filename="src/AuiDockArt.cpp" />
		<Unit filename="src/AuiDockArt.h" />
		<Unit filename="src/AuiManagedPanel.cpp" />
		<Unit filename="src/AuiManagedPanel.h" />
		<Unit filename="src/AuiManagerPanel.cpp" />
		<Unit filename="src/AuiManagerPanel.h" />
		<Unit filename="src/AuiNotebook.cpp" />
		<Unit filename="src/AuiNotebook.h" />
		<Unit filename="src/AutoPulseGauge.cpp" />
		<Unit filename="src/AutoPulseGauge.h" />
		<Unit filename="src/AutoScrollText.cpp" />
		<Unit filename="src/AutoScrollText.h" />
		<Unit filename="src/Base64.cpp" />
		<Unit filename="src/Base64.h" />
		<Unit filename="src/CMakeCache.txt" />
		<Unit filename="src/CMakeFiles/CMakeDirectoryInformation.cmake" />
		<Unit filename="src/CMakeFiles/guayadeque.dir/AAListBox.o" />
		<Unit filename="src/CMakeFiles/guayadeque.dir/AccelListBox.o" />
		<Unit filename="src/CMakeFiles/guayadeque.dir/Accelerators.o" />
		<Unit filename="src/CMakeFiles/guayadeque.dir/AlListBox.o" />
		<Unit filename="src/CMakeFiles/guayadeque.dir/AlbumBrowser.o" />
		<Unit filename="src/CMakeFiles/guayadeque.dir/Amazon.o" />
		<Unit filename="src/CMakeFiles/guayadeque.dir/ApeTag.o" />
		<Unit filename="src/CMakeFiles/guayadeque.dir/ArListBox.o" />
		<Unit filename="src/CMakeFiles/guayadeque.dir/ArrayStringArray.o" />
		<Unit filename="src/CMakeFiles/guayadeque.dir/AudioScrobble.o" />
		<Unit filename="src/CMakeFiles/guayadeque.dir/AuiDockArt.o" />
		<Unit filename="src/CMakeFiles/guayadeque.dir/AuiNotebook.o" />
		<Unit filename="src/CMakeFiles/guayadeque.dir/AutoPulseGauge.o" />
		<Unit filename="src/CMakeFiles/guayadeque.dir/AutoScrollText.o" />
		<Unit filename="src/CMakeFiles/guayadeque.dir/Base64.o" />
		<Unit filename="src/CMakeFiles/guayadeque.dir/C.includecache" />
		<Unit filename="src/CMakeFiles/guayadeque.dir/CXX.includecache" />
		<Unit filename="src/CMakeFiles/guayadeque.dir/ChannelEditor.o" />
		<Unit filename="src/CMakeFiles/guayadeque.dir/CoListBox.o" />
		<Unit filename="src/CMakeFiles/guayadeque.dir/Config.o" />
		<Unit filename="src/CMakeFiles/guayadeque.dir/ConfirmExit.o" />
		<Unit filename="src/CMakeFiles/guayadeque.dir/CopyTo.o" />
		<Unit filename="src/CMakeFiles/guayadeque.dir/CoverEdit.o" />
		<Unit filename="src/CMakeFiles/guayadeque.dir/CoverFetcher.o" />
		<Unit filename="src/CMakeFiles/guayadeque.dir/CoverFrame.o" />
		<Unit filename="src/CMakeFiles/guayadeque.dir/CoverPanel.o" />
		<Unit filename="src/CMakeFiles/guayadeque.dir/Db.o" />
		<Unit filename="src/CMakeFiles/guayadeque.dir/DbCache.o" />
		<Unit filename="src/CMakeFiles/guayadeque.dir/DbLibrary.o" />
		<Unit filename="src/CMakeFiles/guayadeque.dir/DbRadios.o" />
		<Unit filename="src/CMakeFiles/guayadeque.dir/DependInfo.cmake" />
		<Unit filename="src/CMakeFiles/guayadeque.dir/Discogs.o" />
		<Unit filename="src/CMakeFiles/guayadeque.dir/DynamicPlayList.o" />
		<Unit filename="src/CMakeFiles/guayadeque.dir/Equalizer.o" />
		<Unit filename="src/CMakeFiles/guayadeque.dir/FieldEditor.o" />
		<Unit filename="src/CMakeFiles/guayadeque.dir/FileBrowser.o" />
		<Unit filename="src/CMakeFiles/guayadeque.dir/FileRenamer.o" />
		<Unit filename="src/CMakeFiles/guayadeque.dir/GIO_Volume.o" />
		<Unit filename="src/CMakeFiles/guayadeque.dir/GeListBox.o" />
		<Unit filename="src/CMakeFiles/guayadeque.dir/Google.o" />
		<Unit filename="src/CMakeFiles/guayadeque.dir/Images.o" />
		<Unit filename="src/CMakeFiles/guayadeque.dir/ItemListBox.o" />
		<Unit filename="src/CMakeFiles/guayadeque.dir/Jamendo.o" />
		<Unit filename="src/CMakeFiles/guayadeque.dir/LabelEditor.o" />
		<Unit filename="src/CMakeFiles/guayadeque.dir/LastFM.o" />
		<Unit filename="src/CMakeFiles/guayadeque.dir/LastFMCovers.o" />
		<Unit filename="src/CMakeFiles/guayadeque.dir/LastFMPanel.o" />
		<Unit filename="src/CMakeFiles/guayadeque.dir/LibPanel.o" />
		<Unit filename="src/CMakeFiles/guayadeque.dir/LibUpdate.o" />
		<Unit filename="src/CMakeFiles/guayadeque.dir/ListView.o" />
		<Unit filename="src/CMakeFiles/guayadeque.dir/LocationPanel.o" />
		<Unit filename="src/CMakeFiles/guayadeque.dir/LyricsPanel.o" />
		<Unit filename="src/CMakeFiles/guayadeque.dir/MD5.o" />
		<Unit filename="src/CMakeFiles/guayadeque.dir/Magnatune.o" />
		<Unit filename="src/CMakeFiles/guayadeque.dir/MainApp.o" />
		<Unit filename="src/CMakeFiles/guayadeque.dir/MainFrame.o" />
		<Unit filename="src/CMakeFiles/guayadeque.dir/MediaCtrl.o" />
		<Unit filename="src/CMakeFiles/guayadeque.dir/MusicBrainz.o" />
		<Unit filename="src/CMakeFiles/guayadeque.dir/MusicDns.o" />
		<Unit filename="src/CMakeFiles/guayadeque.dir/NewChannel.o" />
		<Unit filename="src/CMakeFiles/guayadeque.dir/OnlineLinks.o" />
		<Unit filename="src/CMakeFiles/guayadeque.dir/PLSoListBox.o" />
		<Unit filename="src/CMakeFiles/guayadeque.dir/PcListBox.o" />
		<Unit filename="src/CMakeFiles/guayadeque.dir/PlayList.o" />
		<Unit filename="src/CMakeFiles/guayadeque.dir/PlayListAppend.o" />
		<Unit filename="src/CMakeFiles/guayadeque.dir/PlayListFile.o" />
		<Unit filename="src/CMakeFiles/guayadeque.dir/PlayListPanel.o" />
		<Unit filename="src/CMakeFiles/guayadeque.dir/PlayerFilters.o" />
		<Unit filename="src/CMakeFiles/guayadeque.dir/PlayerPanel.o" />
		<Unit filename="src/CMakeFiles/guayadeque.dir/Podcasts.o" />
		<Unit filename="src/CMakeFiles/guayadeque.dir/PodcastsPanel.o" />
		<Unit filename="src/CMakeFiles/guayadeque.dir/PortableMedia.o" />
		<Unit filename="src/CMakeFiles/guayadeque.dir/Preferences.o" />
		<Unit filename="src/CMakeFiles/guayadeque.dir/RaListBox.o" />
		<Unit filename="src/CMakeFiles/guayadeque.dir/RadioEditor.o" />
		<Unit filename="src/CMakeFiles/guayadeque.dir/RadioGenreEditor.o" />
		<Unit filename="src/CMakeFiles/guayadeque.dir/RadioPanel.o" />
		<Unit filename="src/CMakeFiles/guayadeque.dir/RatingCtrl.o" />
		<Unit filename="src/CMakeFiles/guayadeque.dir/RoundButton.o" />
		<Unit filename="src/CMakeFiles/guayadeque.dir/SelCoverFile.o" />
		<Unit filename="src/CMakeFiles/guayadeque.dir/Shoutcast.o" />
		<Unit filename="src/CMakeFiles/guayadeque.dir/ShowImage.o" />
		<Unit filename="src/CMakeFiles/guayadeque.dir/SoListBox.o" />
		<Unit filename="src/CMakeFiles/guayadeque.dir/SplashWin.o" />
		<Unit filename="src/CMakeFiles/guayadeque.dir/StaticBitmap.o" />
		<Unit filename="src/CMakeFiles/guayadeque.dir/StatusBar.o" />
		<Unit filename="src/CMakeFiles/guayadeque.dir/TaListBox.o" />
		<Unit filename="src/CMakeFiles/guayadeque.dir/TagInfo.o" />
		<Unit filename="src/CMakeFiles/guayadeque.dir/TaskBar.o" />
		<Unit filename="src/CMakeFiles/guayadeque.dir/TimeLine.o" />
		<Unit filename="src/CMakeFiles/guayadeque.dir/ToggleRoundButton.o" />
		<Unit filename="src/CMakeFiles/guayadeque.dir/TrackChangeInfo.o" />
		<Unit filename="src/CMakeFiles/guayadeque.dir/TrackEdit.o" />
		<Unit filename="src/CMakeFiles/guayadeque.dir/Transcode.o" />
		<Unit filename="src/CMakeFiles/guayadeque.dir/Utils.o" />
		<Unit filename="src/CMakeFiles/guayadeque.dir/VolumeFrame.o" />
		<Unit filename="src/CMakeFiles/guayadeque.dir/Vumeters.o" />
		<Unit filename="src/CMakeFiles/guayadeque.dir/YeListBox.o" />
		<Unit filename="src/CMakeFiles/guayadeque.dir/build.make" />
		<Unit filename="src/CMakeFiles/guayadeque.dir/cmake_clean.cmake" />
		<Unit filename="src/CMakeFiles/guayadeque.dir/curl/base.o" />
		<Unit filename="src/CMakeFiles/guayadeque.dir/curl/http.o" />
		<Unit filename="src/CMakeFiles/guayadeque.dir/dbus/gsession.o" />
		<Unit filename="src/CMakeFiles/guayadeque.dir/dbus/gudbus.o" />
		<Unit filename="src/CMakeFiles/guayadeque.dir/dbus/mmkeys.o" />
		<Unit filename="src/CMakeFiles/guayadeque.dir/dbus/mpris.o" />
		<Unit filename="src/CMakeFiles/guayadeque.dir/dbus/mpris2.o" />
		<Unit filename="src/CMakeFiles/guayadeque.dir/dbus/notify.o" />
		<Unit filename="src/CMakeFiles/guayadeque.dir/depend.internal" />
		<Unit filename="src/CMakeFiles/guayadeque.dir/depend.make" />
		<Unit filename="src/CMakeFiles/guayadeque.dir/flags.make" />
		<Unit filename="src/CMakeFiles/guayadeque.dir/hmac/hmac_sha2.o" />
		<Unit filename="src/CMakeFiles/guayadeque.dir/hmac/sha2.o" />
		<Unit filename="src/CMakeFiles/guayadeque.dir/link.txt" />
		<Unit filename="src/CMakeFiles/guayadeque.dir/progress.make" />
		<Unit filename="src/CMakeFiles/guayadeque.dir/wxsqlite3/wxsqlite3.o" />
		<Unit filename="src/CMakeFiles/progress.marks" />
		<Unit filename="src/CMakeLists.txt" />
		<Unit filename="src/CMakeLists.txt~" />
		<Unit filename="src/ChannelEditor.cpp" />
		<Unit filename="src/ChannelEditor.h" />
		<Unit filename="src/CoListBox.cpp" />
		<Unit filename="src/CoListBox.h" />
		<Unit filename="src/Collections.cpp" />
		<Unit filename="src/Commands.h" />
		<Unit filename="src/Config.cpp" />
		<Unit filename="src/Config.h" />
		<Unit filename="src/ConfirmExit.cpp" />
		<Unit filename="src/ConfirmExit.h" />
		<Unit filename="src/CopyTo.cpp" />
		<Unit filename="src/CopyTo.h" />
		<Unit filename="src/CoverEdit.cpp" />
		<Unit filename="src/CoverEdit.h" />
		<Unit filename="src/CoverFetcher.cpp" />
		<Unit filename="src/CoverFetcher.h" />
		<Unit filename="src/CoverFrame.cpp" />
		<Unit filename="src/CoverFrame.h" />
		<Unit filename="src/CoverPanel.cpp" />
		<Unit filename="src/CoverPanel.h" />
		<Unit filename="src/Db.cpp" />
		<Unit filename="src/Db.h" />
		<Unit filename="src/DbCache.cpp" />
		<Unit filename="src/DbCache.h" />
		<Unit filename="src/DbLibrary.cpp" />
		<Unit filename="src/DbLibrary.h" />
		<Unit filename="src/DbListBox.cpp" />
		<Unit filename="src/DbListBox.h" />
		<Unit filename="src/DbRadios.cpp" />
		<Unit filename="src/DbRadios.h" />
		<Unit filename="src/Discogs.cpp" />
		<Unit filename="src/Discogs.h" />
		<Unit filename="src/DynamicPlayList.cpp" />
		<Unit filename="src/DynamicPlayList.h" />
		<Unit filename="src/EditWithOptions.cpp" />
		<Unit filename="src/EditWithOptions.h" />
		<Unit filename="src/Equalizer.cpp" />
		<Unit filename="src/Equalizer.h" />
		<Unit filename="src/FileBrowser.cpp" />
		<Unit filename="src/FileBrowser.h" />
		<Unit filename="src/FileRenamer.cpp" />
		<Unit filename="src/FileRenamer.h" />
		<Unit filename="src/GIO_Volume.cpp" />
		<Unit filename="src/GIO_Volume.h" />
		<Unit filename="src/GeListBox.cpp" />
		<Unit filename="src/GeListBox.h" />
		<Unit filename="src/Google.cpp" />
		<Unit filename="src/Google.h" />
		<Unit filename="src/Images.cpp" />
		<Unit filename="src/Images.h" />
		<Unit filename="src/ItemListBox.cpp" />
		<Unit filename="src/ItemListBox.h" />
		<Unit filename="src/Jamendo.cpp" />
		<Unit filename="src/Jamendo.h" />
		<Unit filename="src/LabelEditor.cpp" />
		<Unit filename="src/LabelEditor.h" />
		<Unit filename="src/LastFM.cpp" />
		<Unit filename="src/LastFM.h" />
		<Unit filename="src/LastFMCovers.cpp" />
		<Unit filename="src/LastFMCovers.h" />
		<Unit filename="src/LastFMPanel.cpp" />
		<Unit filename="src/LastFMPanel.h" />
		<Unit filename="src/LibPanel.cpp" />
		<Unit filename="src/LibPanel.h" />
		<Unit filename="src/LibUpdate.cpp" />
		<Unit filename="src/LibUpdate.h" />
		<Unit filename="src/ListView.cpp" />
		<Unit filename="src/ListView.h" />
		<Unit filename="src/LocationPanel.cpp" />
		<Unit filename="src/LocationPanel.h" />
		<Unit filename="src/LyricsPanel.cpp" />
		<Unit filename="src/LyricsPanel.h" />
		<Unit filename="src/MD5.cpp" />
		<Unit filename="src/MD5.h" />
		<Unit filename="src/Magnatune.cpp" />
		<Unit filename="src/Magnatune.h" />
		<Unit filename="src/MainApp.cpp" />
		<Unit filename="src/MainApp.h" />
		<Unit filename="src/MainFrame.cpp" />
		<Unit filename="src/MainFrame.h" />
		<Unit filename="src/Makefile" />
		<Unit filename="src/MediaCtrl.cpp" />
		<Unit filename="src/MediaCtrl.h" />
		<Unit filename="src/MediaViewer.cpp" />
		<Unit filename="src/MediaViewer.h" />
		<Unit filename="src/MediaViewerLibrary.cpp" />
		<Unit filename="src/MediaViewerLibrary.h" />
		<Unit filename="src/MusicBrainz.cpp" />
		<Unit filename="src/MusicBrainz.h" />
		<Unit filename="src/MusicDns.cpp" />
		<Unit filename="src/MusicDns.h" />
		<Unit filename="src/NewChannel.cpp" />
		<Unit filename="src/NewChannel.h" />
		<Unit filename="src/OnlineLinks.cpp" />
		<Unit filename="src/OnlineLinks.h" />
		<Unit filename="src/PLSoListBox.cpp" />
		<Unit filename="src/PLSoListBox.h" />
		<Unit filename="src/PcListBox.cpp" />
		<Unit filename="src/PcListBox.h" />
		<Unit filename="src/PlayList.cpp" />
		<Unit filename="src/PlayList.h" />
		<Unit filename="src/PlayListAppend.cpp" />
		<Unit filename="src/PlayListAppend.h" />
		<Unit filename="src/PlayListFile.cpp" />
		<Unit filename="src/PlayListFile.h" />
		<Unit filename="src/PlayListPanel.cpp" />
		<Unit filename="src/PlayListPanel.h" />
		<Unit filename="src/PlayerFilters.cpp" />
		<Unit filename="src/PlayerFilters.h" />
		<Unit filename="src/PlayerPanel.cpp" />
		<Unit filename="src/PlayerPanel.h" />
		<Unit filename="src/Podcasts.cpp" />
		<Unit filename="src/Podcasts.h" />
		<Unit filename="src/PodcastsPanel.cpp" />
		<Unit filename="src/PodcastsPanel.h" />
		<Unit filename="src/PortableMedia.cpp" />
		<Unit filename="src/PortableMedia.h" />
		<Unit filename="src/Preferences.cpp" />
		<Unit filename="src/Preferences.h" />
		<Unit filename="src/RaListBox.cpp" />
		<Unit filename="src/RaListBox.h" />
		<Unit filename="src/RadioEditor.cpp" />
		<Unit filename="src/RadioEditor.h" />
		<Unit filename="src/RadioGenreEditor.cpp" />
		<Unit filename="src/RadioGenreEditor.h" />
		<Unit filename="src/RadioPanel.cpp" />
		<Unit filename="src/RadioPanel.h" />
		<Unit filename="src/RatingCtrl.cpp" />
		<Unit filename="src/RatingCtrl.h" />
		<Unit filename="src/RoundButton.cpp" />
		<Unit filename="src/RoundButton.h" />
		<Unit filename="src/SelCoverFile.cpp" />
		<Unit filename="src/SelCoverFile.h" />
		<Unit filename="src/Settings.h" />
		<Unit filename="src/Shoutcast.cpp" />
		<Unit filename="src/Shoutcast.h" />
		<Unit filename="src/ShowImage.cpp" />
		<Unit filename="src/ShowImage.h" />
		<Unit filename="src/SoListBox.cpp" />
		<Unit filename="src/SoListBox.h" />
		<Unit filename="src/SplashWin.cpp" />
		<Unit filename="src/SplashWin.h" />
		<Unit filename="src/StaticBitmap.cpp" />
		<Unit filename="src/StaticBitmap.h" />
		<Unit filename="src/StatusBar.cpp" />
		<Unit filename="src/StatusBar.h" />
		<Unit filename="src/TVSoListBox.cpp" />
		<Unit filename="src/TVSoListBox.h" />
		<Unit filename="src/TaListBox.cpp" />
		<Unit filename="src/TaListBox.h" />
		<Unit filename="src/TagInfo.cpp" />
		<Unit filename="src/TagInfo.h" />
		<Unit filename="src/TaskBar.cpp" />
		<Unit filename="src/TaskBar.h" />
		<Unit filename="src/ThreadArray.h" />
		<Unit filename="src/TimeLine.cpp" />
		<Unit filename="src/TimeLine.h" />
		<Unit filename="src/ToggleRoundButton.cpp" />
		<Unit filename="src/ToggleRoundButton.h" />
		<Unit filename="src/TrackChangeInfo.cpp" />
		<Unit filename="src/TrackChangeInfo.h" />
		<Unit filename="src/TrackEdit.cpp" />
		<Unit filename="src/TrackEdit.h" />
		<Unit filename="src/Transcode.cpp" />
		<Unit filename="src/Transcode.h" />
		<Unit filename="src/TreePanel.cpp" />
		<Unit filename="src/TreePanel.h" />
		<Unit filename="src/TreeViewFilter.cpp" />
		<Unit filename="src/TreeViewFilter.h" />
		<Unit filename="src/TreeViewFilterEditor.cpp" />
		<Unit filename="src/TreeViewFilterEditor.h" />
		<Unit filename="src/Utils.cpp" />
		<Unit filename="src/Utils.h" />
		<Unit filename="src/Version.h" />
		<Unit filename="src/Version.h.in" />
		<Unit filename="src/VolumeFrame.cpp" />
		<Unit filename="src/VolumeFrame.h" />
		<Unit filename="src/Vumeters.cpp" />
		<Unit filename="src/Vumeters.h" />
		<Unit filename="src/YeListBox.cpp" />
		<Unit filename="src/YeListBox.h" />
		<Unit filename="src/cmake_install.cmake" />
		<Unit filename="src/curl/base.cpp" />
		<Unit filename="src/curl/http.cpp" />
		<Unit filename="src/dbus/gsession.cpp" />
		<Unit filename="src/dbus/gsession.h" />
		<Unit filename="src/dbus/gudbus.cpp" />
		<Unit filename="src/dbus/gudbus.h" />
		<Unit filename="src/dbus/mmkeys.cpp" />
		<Unit filename="src/dbus/mmkeys.h" />
		<Unit filename="src/dbus/mpris.cpp" />
		<Unit filename="src/dbus/mpris.h" />
		<Unit filename="src/dbus/mpris2.cpp" />
		<Unit filename="src/dbus/mpris2.h" />
		<Unit filename="src/dbus/notify.cpp" />
		<Unit filename="src/dbus/notify.h" />
		<Unit filename="src/dbus/org.freedesktop.MediaPlayer.player.xml" />
		<Unit filename="src/dbus/org.freedesktop.MediaPlayer.root.xml" />
		<Unit filename="src/dbus/org.freedesktop.MediaPlayer.tracklist.xml" />
		<Unit filename="src/guayadeque" />
		<Unit filename="src/hmac/Makefile" />
		<Unit filename="src/hmac/hmac_sha2.c">
			<Option compilerVar="CC" />
		</Unit>
		<Unit filename="src/hmac/hmac_sha2.h" />
		<Unit filename="src/hmac/sha2.c">
			<Option compilerVar="CC" />
		</Unit>
		<Unit filename="src/hmac/sha2.h" />
		<Unit filename="src/images/add.h" />
		<Unit filename="src/images/blank_cd_cover.h" />
		<Unit filename="src/images/bookmark.h" />
		<Unit filename="src/images/default_lastfm_image.h" />
		<Unit filename="src/images/del.h" />
		<Unit filename="src/images/doc_new.h" />
		<Unit filename="src/images/doc_save.h" />
		<Unit filename="src/images/down.h" />
		<Unit filename="src/images/download_covers.h" />
		<Unit filename="src/images/edit.h" />
		<Unit filename="src/images/edit_clear.h" />
		<Unit filename="src/images/edit_copy.h" />
		<Unit filename="src/images/edit_delete.h" />
		<Unit filename="src/images/exit.h" />
		<Unit filename="src/images/filter.h" />
		<Unit filename="src/images/guayadeque.h" />
		<Unit filename="src/images/guayadeque_taskbar.h" />
		<Unit filename="src/images/lastfm_as_off.h" />
		<Unit filename="src/images/lastfm_as_on.h" />
		<Unit filename="src/images/lastfm_on.h" />
		<Unit filename="src/images/left.h" />
		<Unit filename="src/images/loc_jamendo.h" />
		<Unit filename="src/images/loc_lastfm.h" />
		<Unit filename="src/images/loc_library.h" />
		<Unit filename="src/images/loc_lyrics.h" />
		<Unit filename="src/images/loc_magnatune.h" />
		<Unit filename="src/images/loc_net_radio.h" />
		<Unit filename="src/images/loc_podcast.h" />
		<Unit filename="src/images/loc_portable_device.h" />
		<Unit filename="src/images/mid_podcast.h" />
		<Unit filename="src/images/musicbrainz.h" />
		<Unit filename="src/images/net_radio.h" />
		<Unit filename="src/images/no_cover.h" />
		<Unit filename="src/images/no_photo.h" />
		<Unit filename="src/images/numerate.h" />
		<Unit filename="src/images/orig/GQ_control_icons.svg" />
		<Unit filename="src/images/orig/InternetRadio.svg" />
		<Unit filename="src/images/orig/Podcast.svg" />
		<Unit filename="src/images/orig/Splash rev2.svg" />
		<Unit filename="src/images/orig/Splash+Icons.svg" />
		<Unit filename="src/images/orig/add.png" />
		<Unit filename="src/images/orig/application_exit.svg" />
		<Unit filename="src/images/orig/blank_cd_cover.png" />
		<Unit filename="src/images/orig/bookmark.png" />
		<Unit filename="src/images/orig/default_lastfm_image.png" />
		<Unit filename="src/images/orig/del.png" />
		<Unit filename="src/images/orig/doc_new.png" />
		<Unit filename="src/images/orig/doc_save.png" />
		<Unit filename="src/images/orig/down.png" />
		<Unit filename="src/images/orig/download_covers.png" />
		<Unit filename="src/images/orig/edit.png" />
		<Unit filename="src/images/orig/edit_clear.png" />
		<Unit filename="src/images/orig/edit_copy.png" />
		<Unit filename="src/images/orig/edit_delete.png" />
		<Unit filename="src/images/orig/exit.png" />
		<Unit filename="src/images/orig/filter.png" />
		<Unit filename="src/images/orig/gq_nocover_prototype.svg" />
		<Unit filename="src/images/orig/guayadeque.png" />
		<Unit filename="src/images/orig/guayadeque_taskbar.png" />
		<Unit filename="src/images/orig/lastfm_as_off.png" />
		<Unit filename="src/images/orig/lastfm_as_on.png" />
		<Unit filename="src/images/orig/lastfm_on.png" />
		<Unit filename="src/images/orig/left.png" />
		<Unit filename="src/images/orig/loc_jamendo.png" />
		<Unit filename="src/images/orig/loc_lastfm.png" />
		<Unit filename="src/images/orig/loc_library.png" />
		<Unit filename="src/images/orig/loc_lyrics.png" />
		<Unit filename="src/images/orig/loc_magnatune.png" />
		<Unit filename="src/images/orig/loc_net_radio.png" />
		<Unit filename="src/images/orig/loc_podcast.png" />
		<Unit filename="src/images/orig/loc_portable_device.png" />
		<Unit filename="src/images/orig/mid_podcast.png" />
		<Unit filename="src/images/orig/net_radio.png" />
		<Unit filename="src/images/orig/no_cover.png" />
		<Unit filename="src/images/orig/no_photo.png" />
		<Unit filename="src/images/orig/numerate.png" />
		<Unit filename="src/images/orig/player_highlight_ban.png" />
		<Unit filename="src/images/orig/player_highlight_equalizer.png" />
		<Unit filename="src/images/orig/player_highlight_love.png" />
		<Unit filename="src/images/orig/player_highlight_muted.png" />
		<Unit filename="src/images/orig/player_highlight_next.png" />
		<Unit filename="src/images/orig/player_highlight_pause.png" />
		<Unit filename="src/images/orig/player_highlight_play.png" />
		<Unit filename="src/images/orig/player_highlight_prev.png" />
		<Unit filename="src/images/orig/player_highlight_random.png" />
		<Unit filename="src/images/orig/player_highlight_record.png" />
		<Unit filename="src/images/orig/player_highlight_repeat.png" />
		<Unit filename="src/images/orig/player_highlight_repeat_single.png" />
		<Unit filename="src/images/orig/player_highlight_search.png" />
		<Unit filename="src/images/orig/player_highlight_setup.png" />
		<Unit filename="src/images/orig/player_highlight_smart.png" />
		<Unit filename="src/images/orig/player_highlight_stop.png" />
		<Unit filename="src/images/orig/player_highlight_vol_hi.png" />
		<Unit filename="src/images/orig/player_highlight_vol_low.png" />
		<Unit filename="src/images/orig/player_highlight_vol_mid.png" />
		<Unit filename="src/images/orig/player_light_ban.png" />
		<Unit filename="src/images/orig/player_light_equalizer.png" />
		<Unit filename="src/images/orig/player_light_love.png" />
		<Unit filename="src/images/orig/player_light_muted.png" />
		<Unit filename="src/images/orig/player_light_next.png" />
		<Unit filename="src/images/orig/player_light_pause.png" />
		<Unit filename="src/images/orig/player_light_play.png" />
		<Unit filename="src/images/orig/player_light_prev.png" />
		<Unit filename="src/images/orig/player_light_random.png" />
		<Unit filename="src/images/orig/player_light_record.png" />
		<Unit filename="src/images/orig/player_light_repeat.png" />
		<Unit filename="src/images/orig/player_light_repeat_single.png" />
		<Unit filename="src/images/orig/player_light_search.png" />
		<Unit filename="src/images/orig/player_light_setup.png" />
		<Unit filename="src/images/orig/player_light_smart.png" />
		<Unit filename="src/images/orig/player_light_stop.png" />
		<Unit filename="src/images/orig/player_light_vol_hi.png" />
		<Unit filename="src/images/orig/player_light_vol_low.png" />
		<Unit filename="src/images/orig/player_light_vol_mid.png" />
		<Unit filename="src/images/orig/player_normal_ban.png" />
		<Unit filename="src/images/orig/player_normal_equalizer.png" />
		<Unit filename="src/images/orig/player_normal_love.png" />
		<Unit filename="src/images/orig/player_normal_muted.png" />
		<Unit filename="src/images/orig/player_normal_next.png" />
		<Unit filename="src/images/orig/player_normal_pause.png" />
		<Unit filename="src/images/orig/player_normal_play.png" />
		<Unit filename="src/images/orig/player_normal_prev.png" />
		<Unit filename="src/images/orig/player_normal_random.png" />
		<Unit filename="src/images/orig/player_normal_record.png" />
		<Unit filename="src/images/orig/player_normal_repeat.png" />
		<Unit filename="src/images/orig/player_normal_repeat_single.png" />
		<Unit filename="src/images/orig/player_normal_search.png" />
		<Unit filename="src/images/orig/player_normal_setup.png" />
		<Unit filename="src/images/orig/player_normal_smart.png" />
		<Unit filename="src/images/orig/player_normal_stop.png" />
		<Unit filename="src/images/orig/player_normal_vol_hi.png" />
		<Unit filename="src/images/orig/player_normal_vol_low.png" />
		<Unit filename="src/images/orig/player_normal_vol_mid.png" />
		<Unit filename="src/images/orig/player_tiny_light_play.png" />
		<Unit filename="src/images/orig/player_tiny_light_stop.png" />
		<Unit filename="src/images/orig/player_tiny_red_stop.png" />
		<Unit filename="src/images/orig/podcast.png" />
		<Unit filename="src/images/orig/pref_accelerators.png" />
		<Unit filename="src/images/orig/pref_commands.png" />
		<Unit filename="src/images/orig/pref_copy_to.png" />
		<Unit filename="src/images/orig/pref_crossfader.png" />
		<Unit filename="src/images/orig/pref_general.png" />
		<Unit filename="src/images/orig/pref_jamendo.png" />
		<Unit filename="src/images/orig/pref_last.fm.png" />
		<Unit filename="src/images/orig/pref_library.png" />
		<Unit filename="src/images/orig/pref_links.png" />
		<Unit filename="src/images/orig/pref_lyrics.png" />
		<Unit filename="src/images/orig/pref_magnatune.png" />
		<Unit filename="src/images/orig/pref_online_services.png" />
		<Unit filename="src/images/orig/pref_playback.png" />
		<Unit filename="src/images/orig/pref_podcasts.png" />
		<Unit filename="src/images/orig/pref_record.png" />
		<Unit filename="src/images/orig/recording.svg" />
		<Unit filename="src/images/orig/right.png" />
		<Unit filename="src/images/orig/search.png" />
		<Unit filename="src/images/orig/search_engine.png" />
		<Unit filename="src/images/orig/splash.png" />
		<Unit filename="src/images/orig/star_highlight_big.png" />
		<Unit filename="src/images/orig/star_highlight_mid.png" />
		<Unit filename="src/images/orig/star_highlight_tiny.png" />
		<Unit filename="src/images/orig/star_normal_big.png" />
		<Unit filename="src/images/orig/star_normal_mid.png" />
		<Unit filename="src/images/orig/star_normal_tiny.png" />
		<Unit filename="src/images/orig/stars.svg" />
		<Unit filename="src/images/orig/system_run.png" />
		<Unit filename="src/images/orig/tags.png" />
		<Unit filename="src/images/orig/tiny_accept.png" />
		<Unit filename="src/images/orig/tiny_add.png" />
		<Unit filename="src/images/orig/tiny_close_button.svg" />
		<Unit filename="src/images/orig/tiny_close_highlight.png" />
		<Unit filename="src/images/orig/tiny_close_normal.png" />
		<Unit filename="src/images/orig/tiny_crossfade.png" />
		<Unit filename="src/images/orig/tiny_del.png" />
		<Unit filename="src/images/orig/tiny_doc_save.png" />
		<Unit filename="src/images/orig/tiny_edit.png" />
		<Unit filename="src/images/orig/tiny_edit_clear.png" />
		<Unit filename="src/images/orig/tiny_edit_copy.png" />
		<Unit filename="src/images/orig/tiny_filter.png" />
		<Unit filename="src/images/orig/tiny_gapless.png" />
		<Unit filename="src/images/orig/tiny_left.png" />
		<Unit filename="src/images/orig/tiny_library.png" />
		<Unit filename="src/images/orig/tiny_net_radio.png" />
		<Unit filename="src/images/orig/tiny_numerate.png" />
		<Unit filename="src/images/orig/tiny_podcast.png" />
		<Unit filename="src/images/orig/tiny_record.png" />
		<Unit filename="src/images/orig/tiny_reload.png" />
		<Unit filename="src/images/orig/tiny_right.png" />
		<Unit filename="src/images/orig/tiny_search.png" />
		<Unit filename="src/images/orig/tiny_search_again.png" />
		<Unit filename="src/images/orig/tiny_search_engine.png" />
		<Unit filename="src/images/orig/tiny_shoutcast.png" />
		<Unit filename="src/images/orig/tiny_status_error.png" />
		<Unit filename="src/images/orig/tiny_status_pending.png" />
		<Unit filename="src/images/orig/track.png" />
		<Unit filename="src/images/orig/up.png" />
		<Unit filename="src/images/player_highlight_ban.h" />
		<Unit filename="src/images/player_highlight_equalizer.h" />
		<Unit filename="src/images/player_highlight_love.h" />
		<Unit filename="src/images/player_highlight_muted.h" />
		<Unit filename="src/images/player_highlight_next.h" />
		<Unit filename="src/images/player_highlight_pause.h" />
		<Unit filename="src/images/player_highlight_play.h" />
		<Unit filename="src/images/player_highlight_prev.h" />
		<Unit filename="src/images/player_highlight_random.h" />
		<Unit filename="src/images/player_highlight_record.h" />
		<Unit filename="src/images/player_highlight_repeat.h" />
		<Unit filename="src/images/player_highlight_repeat_single.h" />
		<Unit filename="src/images/player_highlight_search.h" />
		<Unit filename="src/images/player_highlight_setup.h" />
		<Unit filename="src/images/player_highlight_smart.h" />
		<Unit filename="src/images/player_highlight_stop.h" />
		<Unit filename="src/images/player_highlight_vol_hi.h" />
		<Unit filename="src/images/player_highlight_vol_low.h" />
		<Unit filename="src/images/player_highlight_vol_mid.h" />
		<Unit filename="src/images/player_light_ban.h" />
		<Unit filename="src/images/player_light_equalizer.h" />
		<Unit filename="src/images/player_light_love.h" />
		<Unit filename="src/images/player_light_muted.h" />
		<Unit filename="src/images/player_light_next.h" />
		<Unit filename="src/images/player_light_pause.h" />
		<Unit filename="src/images/player_light_play.h" />
		<Unit filename="src/images/player_light_prev.h" />
		<Unit filename="src/images/player_light_random.h" />
		<Unit filename="src/images/player_light_record.h" />
		<Unit filename="src/images/player_light_repeat.h" />
		<Unit filename="src/images/player_light_repeat_single.h" />
		<Unit filename="src/images/player_light_search.h" />
		<Unit filename="src/images/player_light_setup.h" />
		<Unit filename="src/images/player_light_smart.h" />
		<Unit filename="src/images/player_light_stop.h" />
		<Unit filename="src/images/player_light_vol_hi.h" />
		<Unit filename="src/images/player_light_vol_low.h" />
		<Unit filename="src/images/player_light_vol_mid.h" />
		<Unit filename="src/images/player_normal_ban.h" />
		<Unit filename="src/images/player_normal_equalizer.h" />
		<Unit filename="src/images/player_normal_love.h" />
		<Unit filename="src/images/player_normal_muted.h" />
		<Unit filename="src/images/player_normal_next.h" />
		<Unit filename="src/images/player_normal_pause.h" />
		<Unit filename="src/images/player_normal_play.h" />
		<Unit filename="src/images/player_normal_prev.h" />
		<Unit filename="src/images/player_normal_random.h" />
		<Unit filename="src/images/player_normal_record.h" />
		<Unit filename="src/images/player_normal_repeat.h" />
		<Unit filename="src/images/player_normal_repeat_single.h" />
		<Unit filename="src/images/player_normal_search.h" />
		<Unit filename="src/images/player_normal_setup.h" />
		<Unit filename="src/images/player_normal_smart.h" />
		<Unit filename="src/images/player_normal_stop.h" />
		<Unit filename="src/images/player_normal_vol_hi.h" />
		<Unit filename="src/images/player_normal_vol_low.h" />
		<Unit filename="src/images/player_normal_vol_mid.h" />
		<Unit filename="src/images/player_tiny_light_play.h" />
		<Unit filename="src/images/player_tiny_light_stop.h" />
		<Unit filename="src/images/player_tiny_red_stop.h" />
		<Unit filename="src/images/podcast.h" />
		<Unit filename="src/images/pref_accelerators.h" />
		<Unit filename="src/images/pref_accelerators.h~" />
		<Unit filename="src/images/pref_commands.h" />
		<Unit filename="src/images/pref_copy_to.h" />
		<Unit filename="src/images/pref_crossfader.h" />
		<Unit filename="src/images/pref_general.h" />
		<Unit filename="src/images/pref_jamendo.h" />
		<Unit filename="src/images/pref_last_fm.h" />
		<Unit filename="src/images/pref_library.h" />
		<Unit filename="src/images/pref_links.h" />
		<Unit filename="src/images/pref_lyrics.h" />
		<Unit filename="src/images/pref_magnatune.h" />
		<Unit filename="src/images/pref_online_services.h" />
		<Unit filename="src/images/pref_playback.h" />
		<Unit filename="src/images/pref_podcasts.h" />
		<Unit filename="src/images/pref_record.h" />
		<Unit filename="src/images/right.h" />
		<Unit filename="src/images/search.h" />
		<Unit filename="src/images/search_engine.h" />
		<Unit filename="src/images/splash.h" />
		<Unit filename="src/images/star_highlight_big.h" />
		<Unit filename="src/images/star_highlight_mid.h" />
		<Unit filename="src/images/star_highlight_tiny.h" />
		<Unit filename="src/images/star_normal_big.h" />
		<Unit filename="src/images/star_normal_mid.h" />
		<Unit filename="src/images/star_normal_tiny.h" />
		<Unit filename="src/images/system_run.h" />
		<Unit filename="src/images/tags.h" />
		<Unit filename="src/images/taskbar_icon.h" />
		<Unit filename="src/images/tiny_accept.h" />
		<Unit filename="src/images/tiny_add.h" />
		<Unit filename="src/images/tiny_close_highlight.h" />
		<Unit filename="src/images/tiny_close_normal.h" />
		<Unit filename="src/images/tiny_crossfade.h" />
		<Unit filename="src/images/tiny_del.h" />
		<Unit filename="src/images/tiny_doc_save.h" />
		<Unit filename="src/images/tiny_edit.h" />
		<Unit filename="src/images/tiny_edit_clear.h" />
		<Unit filename="src/images/tiny_edit_copy.h" />
		<Unit filename="src/images/tiny_filter.h" />
		<Unit filename="src/images/tiny_gapless.h" />
		<Unit filename="src/images/tiny_left.h" />
		<Unit filename="src/images/tiny_library.h" />
		<Unit filename="src/images/tiny_net_radio.h" />
		<Unit filename="src/images/tiny_numerate.h" />
		<Unit filename="src/images/tiny_podcast.h" />
		<Unit filename="src/images/tiny_record.h" />
		<Unit filename="src/images/tiny_reload.h" />
		<Unit filename="src/images/tiny_right.h" />
		<Unit filename="src/images/tiny_search.h" />
		<Unit filename="src/images/tiny_search_again.h" />
		<Unit filename="src/images/tiny_search_engine.h" />
		<Unit filename="src/images/tiny_shoutcast.h" />
		<Unit filename="src/images/tiny_status_error.h" />
		<Unit filename="src/images/tiny_status_pending.h" />
		<Unit filename="src/images/track.h" />
		<Unit filename="src/images/up.h" />
		<Unit filename="src/wx/curl/base.h" />
		<Unit filename="src/wx/curl/http.h" />
		<Unit filename="src/wx/wxsqlite3.h" />
		<Unit filename="src/wx/wxsqlite3def.h" />
		<Unit filename="src/wx/wxsqlite3dyn.h" />
		<Unit filename="src/wx/wxsqlite3opt.h" />
		<Unit filename="src/wxsqlite3/wxsqlite3.cpp" />
		<Extensions>
			<code_completion />
			<envvars />
			<debugger />
			<wxsmith version="1">
				<gui name="wxWidgets" src="guayadequeApp.cpp" main="guayadequeFrame" init_handlers="necessary" language="CPP" />
			</wxsmith>
			<lib_finder disable_auto="1">
				<lib name="sqlite3" />
				<lib name="libcurl" />
				<lib name="taglib" />
				<lib name="flac" />
				<lib name="gstreamer-0.10" />
				<lib name="dbus-1" />
			</lib_finder>
			<AutoVersioning>
				<Scheme minor_max="10" build_max="0" rev_max="0" rev_rand_max="10" build_times_to_increment_minor="10000" />
				<Settings autoincrement="1" date_declarations="1" do_auto_increment="0" ask_to_increment="0" language="C++" svn="0" svn_directory="" header_path="version.h" />
				<Changes_Log show_changes_editor="0" app_title="released version %M.%m.%b of %p" changeslog_path="ChangesLog.txt" />
				<Code header_guard="VERSION_H" namespace="AutoVersion" prefix="" />
			</AutoVersioning>
		</Extensions>
	</Project>
</CodeBlocks_project_file>
