<?xml version="1.0" encoding="UTF-8" standalone="yes" ?>
<CodeBlocks_project_file>
	<FileVersion major="1" minor="6" />
	<Project>
		<Option title="guayadeque" />
		<Option pch_mode="2" />
		<Option compiler="gcc" />
		<Build>
			<Target title="Debug">
				<Option output="bin/Debug/guayadeque" prefix_auto="1" extension_auto="1" />
				<Option object_output="obj/Debug/" />
				<Option type="0" />
				<Option compiler="gcc" />
				<Option projectLinkerOptionsRelation="2" />
				<Compiler>
					<Add option="-march=pentium4" />
					<Add option="-O2" />
					<Add option="-Wall" />
					<Add option="-g" />
					<Add option="-I./" />
					<Add option="-I./src" />
				</Compiler>
				<Linker>
					<Add option="`wx-config --libs`" />
					<Add option="`pkg-config gstreamer-0.10 --libs`" />
					<Add library="id3" />
					<Add library="sqlite3" />
				</Linker>
			</Target>
			<Target title="Release">
				<Option output="bin/Release/guayadeque" prefix_auto="1" extension_auto="1" />
				<Option object_output="obj/Release/" />
				<Option type="0" />
				<Option compiler="gcc" />
				<Option projectLinkerOptionsRelation="2" />
				<Compiler>
					<Add option="-O2" />
					<Add option="`taglib-config --cflags`" />
					<Add option="-I./" />
				</Compiler>
				<Linker>
					<Add option="-s" />
					<Add library="id3" />
					<Add library="sqlite3" />
				</Linker>
			</Target>
		</Build>
		<Compiler>
			<Add option="-w" />
			<Add option="-Wfatal-errors" />
			<Add option="-W" />
			<Add option="-Wall" />
			<Add option="`pkg-config gtk+-2.0 --cflags`" />
			<Add option="`wx-config --cflags`" />
			<Add option="`curl-config --cflags`" />
			<Add option="`pkg-config gstreamer-0.10 --cflags`" />
			<Add directory="/usr/include/dbus-1.0" />
			<Add directory="/usr/lib/dbus-1.0/include" />
			<Add directory="/usr/include/taglib" />
		</Compiler>
		<Linker>
			<Add option="`wx-config --libs`" />
			<Add option="-lwx_gtk2u_media-2.8" />
			<Add option="`pkg-config gstreamer-0.10 --libs`" />
			<Add library="id3" />
			<Add library="sqlite3" />
			<Add library="libcurl" />
			<Add library="/usr/lib/libtag.so" />
		</Linker>
		<Unit filename="src/AlListBox.cpp" />
		<Unit filename="src/AlListBox.h" />
		<Unit filename="src/Amazon.cpp" />
		<Unit filename="src/Amazon.h" />
		<Unit filename="src/ApeTag.cpp" />
		<Unit filename="src/ApeTag.h" />
		<Unit filename="src/ArListBox.cpp" />
		<Unit filename="src/ArListBox.h" />
		<Unit filename="src/ArrayStringArray.cpp" />
		<Unit filename="src/ArrayStringArray.h" />
		<Unit filename="src/AudioScrobble.cpp" />
		<Unit filename="src/AudioScrobble.h" />
		<Unit filename="src/AutoPulseGauge.cpp" />
		<Unit filename="src/AutoPulseGauge.h" />
		<Unit filename="src/AutoScrollText.cpp" />
		<Unit filename="src/AutoScrollText.h" />
		<Unit filename="src/Base64.cpp" />
		<Unit filename="src/Base64.h" />
		<Unit filename="src/ChannelEditor.cpp" />
		<Unit filename="src/ChannelEditor.h" />
		<Unit filename="src/Commands.h" />
		<Unit filename="src/Config.cpp" />
		<Unit filename="src/Config.h" />
		<Unit filename="src/ConfirmExit.cpp" />
		<Unit filename="src/ConfirmExit.h" />
		<Unit filename="src/CoverEdit.cpp" />
		<Unit filename="src/CoverEdit.h" />
		<Unit filename="src/CoverFetcher.cpp" />
		<Unit filename="src/CoverFetcher.h" />
		<Unit filename="src/CoverFrame.cpp" />
		<Unit filename="src/CoverFrame.h" />
		<Unit filename="src/DbLibrary.cpp" />
		<Unit filename="src/DbLibrary.h" />
		<Unit filename="src/Discogs.cpp" />
		<Unit filename="src/Discogs.h" />
		<Unit filename="src/DynamicPlayList.cpp" />
		<Unit filename="src/DynamicPlayList.h" />
		<Unit filename="src/GeListBox.cpp" />
		<Unit filename="src/GeListBox.h" />
		<Unit filename="src/Google.cpp" />
		<Unit filename="src/Google.h" />
		<Unit filename="src/Images.cpp" />
		<Unit filename="src/Images.h" />
		<Unit filename="src/ItemListBox.cpp" />
		<Unit filename="src/ItemListBox.h" />
		<Unit filename="src/LabelEditor.cpp" />
		<Unit filename="src/LabelEditor.h" />
		<Unit filename="src/LastFM.cpp" />
		<Unit filename="src/LastFM.h" />
		<Unit filename="src/LastFMPanel.cpp" />
		<Unit filename="src/LastFMPanel.h" />
		<Unit filename="src/LibPanel.cpp" />
		<Unit filename="src/LibPanel.h" />
		<Unit filename="src/LibUpdate.cpp" />
		<Unit filename="src/LibUpdate.h" />
		<Unit filename="src/ListView.cpp" />
		<Unit filename="src/ListView.h" />
		<Unit filename="src/LyricsPanel.cpp" />
		<Unit filename="src/LyricsPanel.h" />
		<Unit filename="src/MD5.cpp" />
		<Unit filename="src/MD5.h" />
		<Unit filename="src/MainApp.cpp" />
		<Unit filename="src/MainApp.h" />
		<Unit filename="src/MainFrame.cpp" />
		<Unit filename="src/MainFrame.h" />
		<Unit filename="src/MediaCtrl.cpp" />
		<Unit filename="src/MediaCtrl.h" />
		<Unit filename="src/MusicBrainz.cpp" />
		<Unit filename="src/MusicBrainz.h" />
		<Unit filename="src/MusicDns.cpp" />
		<Unit filename="src/MusicDns.h" />
		<Unit filename="src/NewChannel.cpp" />
		<Unit filename="src/NewChannel.h" />
		<Unit filename="src/OnlineLinks.cpp" />
		<Unit filename="src/OnlineLinks.h" />
		<Unit filename="src/PLSoListBox.cpp" />
		<Unit filename="src/PLSoListBox.h" />
		<Unit filename="src/PlayList.cpp" />
		<Unit filename="src/PlayList.h" />
		<Unit filename="src/PlayListAppend.cpp" />
		<Unit filename="src/PlayListAppend.h" />
		<Unit filename="src/PlayListPanel.cpp" />
		<Unit filename="src/PlayListPanel.h" />
		<Unit filename="src/PlayerPanel.cpp" />
		<Unit filename="src/PlayerPanel.h" />
		<Unit filename="src/Podcasts.cpp" />
		<Unit filename="src/Podcasts.h" />
		<Unit filename="src/PodcastsPanel.cpp" />
		<Unit filename="src/PodcastsPanel.h" />
		<Unit filename="src/Preferences.cpp" />
		<Unit filename="src/Preferences.h" />
		<Unit filename="src/RadioEditor.cpp" />
		<Unit filename="src/RadioEditor.h" />
		<Unit filename="src/RadioGenreEditor.cpp" />
		<Unit filename="src/RadioGenreEditor.h" />
		<Unit filename="src/RadioPanel.cpp" />
		<Unit filename="src/RadioPanel.h" />
		<Unit filename="src/RatingCtrl.cpp" />
		<Unit filename="src/RatingCtrl.h" />
		<Unit filename="src/Shoutcast.cpp" />
		<Unit filename="src/Shoutcast.h" />
		<Unit filename="src/SoListBox.cpp" />
		<Unit filename="src/SoListBox.h" />
		<Unit filename="src/SplashWin.cpp" />
		<Unit filename="src/SplashWin.h" />
		<Unit filename="src/StatusBar.cpp" />
		<Unit filename="src/StatusBar.h" />
		<Unit filename="src/TaListBox.cpp" />
		<Unit filename="src/TaListBox.h" />
		<Unit filename="src/TagInfo.cpp" />
		<Unit filename="src/TagInfo.h" />
		<Unit filename="src/TaskBar.cpp" />
		<Unit filename="src/TaskBar.h" />
		<Unit filename="src/ThreadArray.h" />
		<Unit filename="src/TrackChangeInfo.cpp" />
		<Unit filename="src/TrackChangeInfo.h" />
		<Unit filename="src/TrackEdit.cpp" />
		<Unit filename="src/TrackEdit.h" />
		<Unit filename="src/Utils.cpp" />
		<Unit filename="src/Utils.h" />
		<Unit filename="src/VolumeFrame.cpp" />
		<Unit filename="src/VolumeFrame.h" />
		<Unit filename="src/curl/base.cpp" />
		<Unit filename="src/curl/http.cpp" />
		<Unit filename="src/dbus/gsession.cpp" />
		<Unit filename="src/dbus/gsession.h" />
		<Unit filename="src/dbus/gudbus.cpp" />
		<Unit filename="src/dbus/gudbus.h" />
		<Unit filename="src/dbus/mmkeys.cpp" />
		<Unit filename="src/dbus/mmkeys.h" />
		<Unit filename="src/dbus/mpris.cpp" />
		<Unit filename="src/dbus/mpris.h" />
		<Unit filename="src/wx/curl/base.h" />
		<Unit filename="src/wx/curl/http.h" />
		<Unit filename="src/wx/wxsqlite3.h" />
		<Unit filename="src/wx/wxsqlite3def.h" />
		<Unit filename="src/wx/wxsqlite3dyn.h" />
		<Unit filename="src/wx/wxsqlite3opt.h" />
		<Unit filename="src/wxsqlite3/wxsqlite3.cpp" />
		<Extensions>
			<code_completion />
			<envvars />
			<debugger />
			<wxsmith version="1">
				<gui name="wxWidgets" src="guayadequeApp.cpp" main="guayadequeFrame" init_handlers="necessary" language="CPP" />
			</wxsmith>
			<lib_finder disable_auto="1">
				<lib name="sqlite3" />
				<lib name="libcurl" />
			</lib_finder>
			<AutoVersioning>
				<Scheme minor_max="10" build_max="0" rev_max="0" rev_rand_max="10" build_times_to_increment_minor="10000" />
				<Settings autoincrement="1" date_declarations="1" do_auto_increment="0" ask_to_increment="0" language="C++" svn="0" svn_directory="" header_path="version.h" />
				<Changes_Log show_changes_editor="0" app_title="released version %M.%m.%b of %p" changeslog_path="ChangesLog.txt" />
			</AutoVersioning>
		</Extensions>
	</Project>
</CodeBlocks_project_file>
